schema: '2.0'
stages:
  train:
    cmd: python main.py
    deps:
    - path: data/churn.csv
      hash: md5
      md5: 8cac3095fcf1fdc5d276164ba877e721
      size: 971241
    - path: src/
      hash: md5
      md5: 7c38d0834e31d7762223d428021bc627.dir
      size: 19300
      nfiles: 25
    outs:
    - path: artifacts/model.keras
      hash: md5
      md5: cc39a81e4c1c8e16ad29aedfb460ca80
      size: 54146
    - path: artifacts/preprocessor.pkl
      hash: md5
      md5: 5def751b59aa88982876b1868a83b754
      size: 7462
